{
  "name": "@distinction-dev/dynamo-unmarshall",
  "version": "0.0.0-development",
  "lockfileVersion": 1,
  "requires": true,
  "dependencies": {
    "@types/aws-lambda": {
      "version": "8.10.82",
      "resolved": "https://registry.npmjs.org/@types/aws-lambda/-/aws-lambda-8.10.82.tgz",
      "integrity": "sha512-sJo8pz8hu+OzLRAj7Do2g66zYLizWtB3kGK6K45RWmGW+S54XXMoK3sNbvzKXfndBxYiSVExHoCNiSlt2gPmxw==",
      "dev": true
    }
  }
}
